
Microsoft Visual Studio Solution File, Format Version 12.00
# Visual Studio Version 16
VisualStudioVersion = 16.0.30011.22
MinimumVisualStudioVersion = 10.0.40219.1
Project("{8BC9CEB8-8B4A-11D0-8D11-00A0C91BC942}") = "MKKBallPlugin", "MKKBallPlugin\MKKBallPlugin.vcxproj", "{33D1ABA7-1F9A-445F-AB59-796AB900ADCE}"
EndProject
Project("{FAE04EC0-301F-11D3-BF4B-00C04F79EFBC}") = "DisplayServer", "DisplayServer\DisplayServer.csproj", "{4CCAC6C9-F502-40D9-9B45-975F0982BC7B}"
EndProject
Global
	GlobalSection(SolutionConfigurationPlatforms) = preSolution
		Debug|Any CPU = Debug|Any CPU
		Debug|x64 = Debug|x64
		Debug|x86 = Debug|x86
		Release|Any CPU = Release|Any CPU
		Release|x64 = Release|x64
		Release|x86 = Release|x86
	EndGlobalSection
	GlobalSection(ProjectConfigurationPlatforms) = postSolution
		{33D1ABA7-1F9A-445F-AB59-796AB900ADCE}.Debug|Any CPU.ActiveCfg = Debug|Win32
		{33D1ABA7-1F9A-445F-AB59-796AB900ADCE}.Debug|x64.ActiveCfg = Debug|x64
		{33D1ABA7-1F9A-445F-AB59-796AB900ADCE}.Debug|x64.Build.0 = Debug|x64
		{33D1ABA7-1F9A-445F-AB59-796AB900ADCE}.Debug|x86.ActiveCfg = Debug|Win32
		{33D1ABA7-1F9A-445F-AB59-796AB900ADCE}.Debug|x86.Build.0 = Debug|Win32
		{33D1ABA7-1F9A-445F-AB59-796AB900ADCE}.Release|Any CPU.ActiveCfg = Release|Win32
		{33D1ABA7-1F9A-445F-AB59-796AB900ADCE}.Release|x64.ActiveCfg = Release|x64
		{33D1ABA7-1F9A-445F-AB59-796AB900ADCE}.Release|x64.Build.0 = Release|x64
		{33D1ABA7-1F9A-445F-AB59-796AB900ADCE}.Release|x86.ActiveCfg = Release|Win32
		{33D1ABA7-1F9A-445F-AB59-796AB900ADCE}.Release|x86.Build.0 = Release|Win32
		{4CCAC6C9-F502-40D9-9B45-975F0982BC7B}.Debug|Any CPU.ActiveCfg = Debug|Any CPU
		{4CCAC6C9-F502-40D9-9B45-975F0982BC7B}.Debug|Any CPU.Build.0 = Debug|Any CPU
		{4CCAC6C9-F502-40D9-9B45-975F0982BC7B}.Debug|x64.ActiveCfg = Debug|Any CPU
		{4CCAC6C9-F502-40D9-9B45-975F0982BC7B}.Debug|x64.Build.0 = Debug|Any CPU
		{4CCAC6C9-F502-40D9-9B45-975F0982BC7B}.Debug|x86.ActiveCfg = Debug|Any CPU
		{4CCAC6C9-F502-40D9-9B45-975F0982BC7B}.Debug|x86.Build.0 = Debug|Any CPU
		{4CCAC6C9-F502-40D9-9B45-975F0982BC7B}.Release|Any CPU.ActiveCfg = Release|Any CPU
		{4CCAC6C9-F502-40D9-9B45-975F0982BC7B}.Release|Any CPU.Build.0 = Release|Any CPU
		{4CCAC6C9-F502-40D9-9B45-975F0982BC7B}.Release|x64.ActiveCfg = Release|Any CPU
		{4CCAC6C9-F502-40D9-9B45-975F0982BC7B}.Release|x64.Build.0 = Release|Any CPU
		{4CCAC6C9-F502-40D9-9B45-975F0982BC7B}.Release|x86.ActiveCfg = Release|Any CPU
		{4CCAC6C9-F502-40D9-9B45-975F0982BC7B}.Release|x86.Build.0 = Release|Any CPU
	EndGlobalSection
	GlobalSection(SolutionProperties) = preSolution
		HideSolutionNode = FALSE
	EndGlobalSection
	GlobalSection(ExtensibilityGlobals) = postSolution
		SolutionGuid = {620C36B3-E017-4C11-8D84-61093B9E1DA1}
	EndGlobalSection
EndGlobal
